{
    "_readme": [
        "This file locks the dependencies of your project to a known state",
        "Read more about it at https://getcomposer.org/doc/01-basic-usage.md#installing-dependencies",
        "This file is @generated automatically"
    ],
    "content-hash": "28a979b2e8f92312b8bce9191047add3",
    "packages": [
        {
            "name": "beberlei/assert",
            "version": "v3.1.0",
            "source": {
                "type": "git",
                "url": "https://github.com/beberlei/assert.git",
                "reference": "e4f4a40a8739e1151d40fd1ed754a3ed37e1f522"
            },
            "dist": {
                "type": "zip",
                "url": "https://api.github.com/repos/beberlei/assert/zipball/e4f4a40a8739e1151d40fd1ed754a3ed37e1f522",
                "reference": "e4f4a40a8739e1151d40fd1ed754a3ed37e1f522",
                "shasum": ""
            },
            "require": {
                "php": "^7"
            },
            "require-dev": {
                "friendsofphp/php-cs-fixer": "*",
                "phpstan/phpstan-shim": "*",
                "phpunit/phpunit": "*"
            },
            "type": "library",
            "autoload": {
                "psr-4": {
                    "Assert\\": "lib/Assert"
                },
                "files": [
                    "lib/Assert/functions.php"
                ]
            },
            "notification-url": "https://packagist.org/downloads/",
            "license": [
                "BSD-2-Clause"
            ],
            "authors": [
                {
                    "name": "Benjamin Eberlei",
                    "email": "kontakt@beberlei.de",
                    "role": "Lead Developer"
                },
                {
                    "name": "Richard Quadling",
                    "email": "rquadling@gmail.com",
                    "role": "Collaborator"
                }
            ],
            "description": "Thin assertion library for input validation in business models.",
            "keywords": [
                "assert",
                "assertion",
                "validation"
            ],
            "time": "2018-10-29T11:13:48+00:00"
        },
        {
            "name": "doctrine/collections",
            "version": "v1.5.0",
            "source": {
                "type": "git",
                "url": "https://github.com/doctrine/collections.git",
                "reference": "a01ee38fcd999f34d9bfbcee59dbda5105449cbf"
            },
            "dist": {
                "type": "zip",
                "url": "https://api.github.com/repos/doctrine/collections/zipball/a01ee38fcd999f34d9bfbcee59dbda5105449cbf",
                "reference": "a01ee38fcd999f34d9bfbcee59dbda5105449cbf",
                "shasum": ""
            },
            "require": {
                "php": "^7.1"
            },
            "require-dev": {
                "doctrine/coding-standard": "~0.1@dev",
                "phpunit/phpunit": "^5.7"
            },
            "type": "library",
            "extra": {
                "branch-alias": {
                    "dev-master": "1.3.x-dev"
                }
            },
            "autoload": {
                "psr-0": {
                    "Doctrine\\Common\\Collections\\": "lib/"
                }
            },
            "notification-url": "https://packagist.org/downloads/",
            "license": [
                "MIT"
            ],
            "authors": [
                {
                    "name": "Roman Borschel",
                    "email": "roman@code-factory.org"
                },
                {
                    "name": "Benjamin Eberlei",
                    "email": "kontakt@beberlei.de"
                },
                {
                    "name": "Guilherme Blanco",
                    "email": "guilhermeblanco@gmail.com"
                },
                {
                    "name": "Jonathan Wage",
                    "email": "jonwage@gmail.com"
                },
                {
                    "name": "Johannes Schmitt",
                    "email": "schmittjoh@gmail.com"
                }
            ],
            "description": "Collections Abstraction library",
            "homepage": "http://www.doctrine-project.org",
            "keywords": [
                "array",
                "collections",
                "iterator"
            ],
            "time": "2017-07-22T10:37:32+00:00"
        },
        {
            "name": "mf/callback-parser",
            "version": "2.1.0",
            "source": {
                "type": "git",
                "url": "https://github.com/MortalFlesh/CallbackParser.git",
                "reference": "2ca91a4944e6e72d571a0e94ec17700db77ecff2"
            },
            "dist": {
                "type": "zip",
                "url": "https://api.github.com/repos/MortalFlesh/CallbackParser/zipball/2ca91a4944e6e72d571a0e94ec17700db77ecff2",
                "reference": "2ca91a4944e6e72d571a0e94ec17700db77ecff2",
                "shasum": ""
            },
            "require": {
                "beberlei/assert": "^2.7 || ^3.0",
                "ext-mbstring": "*",
                "php": "^7.1"
            },
            "require-dev": {
                "lmc/coding-standard": "^1.1",
                "php-coveralls/php-coveralls": "^2.1",
                "phpstan/phpstan-shim": "^0.10",
                "phpunit/phpunit": "^7.0"
            },
            "type": "library",
            "autoload": {
                "psr-4": {
                    "MF\\Parser\\": "src"
                }
            },
            "notification-url": "https://packagist.org/downloads/",
            "license": [
                "MIT"
            ],
            "authors": [
                {
                    "name": "Petr Chromec",
                    "email": "mortal_flesh@seznam.cz"
                }
            ],
            "description": "PHP parser for arrow functions",
            "time": "2018-11-02T09:39:08+00:00"
        },
        {
            "name": "mf/collections-php",
            "version": "3.18.0",
            "source": {
                "type": "git",
                "url": "https://github.com/MortalFlesh/MFCollectionsPHP.git",
                "reference": "dc6d21f24bc78dc81b63a6100392642ad2d500d7"
            },
            "dist": {
                "type": "zip",
                "url": "https://api.github.com/repos/MortalFlesh/MFCollectionsPHP/zipball/dc6d21f24bc78dc81b63a6100392642ad2d500d7",
                "reference": "dc6d21f24bc78dc81b63a6100392642ad2d500d7",
                "shasum": ""
            },
            "require": {
                "beberlei/assert": "^2.9.3 || ^3.0",
                "ext-mbstring": "*",
                "mf/callback-parser": "^2.1",
                "mf/type-validator": "^2.4",
                "php": ">=7.1"
            },
            "require-dev": {
                "friendsofphp/php-cs-fixer": "dev-feature/allow-mixed-in-NoSuperfluousPhpdocTagsFixer as 2.13.0",
                "giorgiosironi/eris": "^0.10.0",
                "lmc/coding-standard": "^1.1",
                "mockery/mockery": "^1.0",
                "php-coveralls/php-coveralls": "^2.1",
                "phpstan/phpstan-beberlei-assert": "^0.10.0",
                "phpstan/phpstan-shim": "^0.10",
                "phpunit/phpunit": "^7.0",
                "symfony/var-dumper": "^4.1"
            },
            "type": "library",
            "autoload": {
                "psr-4": {
                    "MF\\Collection\\": "src/"
                }
            },
            "notification-url": "https://packagist.org/downloads/",
            "license": [
                "MIT"
            ],
            "authors": [
                {
                    "name": "Petr Chromec",
                    "email": "mortal_flesh@seznam.cz"
                }
            ],
            "description": "Collections for PHP - It's basically a syntax sugar over classic array structure, which allows you to use it as classic array, but adds some cool features.",
            "time": "2018-11-02T16:27:06+00:00"
        },
        {
            "name": "mf/type-validator",
            "version": "2.4.0",
            "source": {
                "type": "git",
                "url": "https://github.com/MortalFlesh/TypeValidator.git",
                "reference": "990c32c9093fc97558ac1c7745364d5d729073fa"
            },
            "dist": {
                "type": "zip",
                "url": "https://api.github.com/repos/MortalFlesh/TypeValidator/zipball/990c32c9093fc97558ac1c7745364d5d729073fa",
                "reference": "990c32c9093fc97558ac1c7745364d5d729073fa",
                "shasum": ""
            },
            "require": {
                "php": "^7.1"
            },
            "require-dev": {
                "lmc/coding-standard": "^1.1",
                "php-coveralls/php-coveralls": "^2.1",
                "phpstan/phpstan-shim": "^0.10",
                "phpunit/phpunit": "^7.0"
            },
            "type": "library",
            "autoload": {
                "psr-4": {
                    "MF\\Validator\\": "src"
                }
            },
            "notification-url": "https://packagist.org/downloads/",
            "license": [
                "MIT"
            ],
            "authors": [
                {
                    "name": "Petr Chromec",
                    "email": "mortal_flesh@seznam.cz"
                }
            ],
            "description": "TypeValidator for asserting types of values",
            "time": "2018-11-01T16:02:49+00:00"
        },
        {
            "name": "symfony/contracts",
            "version": "v1.0.2",
            "source": {
                "type": "git",
                "url": "https://github.com/symfony/contracts.git",
                "reference": "1aa7ab2429c3d594dd70689604b5cf7421254cdf"
            },
            "dist": {
                "type": "zip",
                "url": "https://api.github.com/repos/symfony/contracts/zipball/1aa7ab2429c3d594dd70689604b5cf7421254cdf",
                "reference": "1aa7ab2429c3d594dd70689604b5cf7421254cdf",
                "shasum": ""
            },
            "require": {
                "php": "^7.1.3"
            },
            "require-dev": {
                "psr/cache": "^1.0",
                "psr/container": "^1.0"
            },
            "suggest": {
                "psr/cache": "When using the Cache contracts",
                "psr/container": "When using the Service contracts",
                "symfony/cache-contracts-implementation": "",
                "symfony/service-contracts-implementation": "",
                "symfony/translation-contracts-implementation": ""
            },
            "type": "library",
            "extra": {
                "branch-alias": {
                    "dev-master": "1.0-dev"
                }
            },
            "autoload": {
                "psr-4": {
                    "Symfony\\Contracts\\": ""
                },
                "exclude-from-classmap": [
                    "**/Tests/"
                ]
            },
            "notification-url": "https://packagist.org/downloads/",
            "license": [
                "MIT"
            ],
            "authors": [
                {
                    "name": "Nicolas Grekas",
                    "email": "p@tchwork.com"
                },
                {
                    "name": "Symfony Community",
                    "homepage": "https://symfony.com/contributors"
                }
            ],
            "description": "A set of abstractions extracted out of the Symfony components",
            "homepage": "https://symfony.com",
            "keywords": [
                "abstractions",
                "contracts",
                "decoupling",
                "interfaces",
                "interoperability",
                "standards"
            ],
            "time": "2018-12-05T08:06:11+00:00"
        },
        {
            "name": "symfony/stopwatch",
            "version": "v4.2.1",
            "source": {
                "type": "git",
                "url": "https://github.com/symfony/stopwatch.git",
                "reference": "ec076716412274e51f8a7ea675d9515e5c311123"
            },
            "dist": {
                "type": "zip",
                "url": "https://api.github.com/repos/symfony/stopwatch/zipball/ec076716412274e51f8a7ea675d9515e5c311123",
                "reference": "ec076716412274e51f8a7ea675d9515e5c311123",
                "shasum": ""
            },
            "require": {
                "php": "^7.1.3",
                "symfony/contracts": "^1.0"
            },
            "type": "library",
            "extra": {
                "branch-alias": {
                    "dev-master": "4.2-dev"
                }
            },
            "autoload": {
                "psr-4": {
                    "Symfony\\Component\\Stopwatch\\": ""
                },
                "exclude-from-classmap": [
                    "/Tests/"
                ]
            },
            "notification-url": "https://packagist.org/downloads/",
            "license": [
                "MIT"
            ],
            "authors": [
                {
                    "name": "Fabien Potencier",
                    "email": "fabien@symfony.com"
                },
                {
                    "name": "Symfony Community",
                    "homepage": "https://symfony.com/contributors"
                }
            ],
            "description": "Symfony Stopwatch Component",
            "homepage": "https://symfony.com",
            "time": "2018-11-11T19:52:12+00:00"
        }
    ],
    "packages-dev": [],
    "aliases": [],
    "minimum-stability": "stable",
    "stability-flags": [],
    "prefer-stable": false,
    "prefer-lowest": false,
    "platform": [],
    "platform-dev": []
}
